
Microsoft Visual Studio Solution File, Format Version 12.00
Project("{2150E333-8FDC-42A3-9474-1A3956D46DE8}") = "Solution Items", "Solution Items", "{9EFCD96C-58EB-4976-985D-9030492D9044}"
	ProjectSection(SolutionItems) = preProject
		compose.yaml = compose.yaml
	EndProjectSection
EndProject
Project("{2150E333-8FDC-42A3-9474-1A3956D46DE8}") = "manages", "manages", "{A74999E5-83E0-47A2-BE57-2394B23E6CB3}"
EndProject
Project("{FAE04EC0-301F-11D3-BF4B-00C04F79EFBC}") = "JackSite.AppHost", "manages\JackSite.AppHost\JackSite.AppHost.csproj", "{E8247D16-9F04-4485-A0D9-46A0BA8337C1}"
EndProject
Project("{FAE04EC0-301F-11D3-BF4B-00C04F79EFBC}") = "JackSite.ServiceDefaults", "manages\JackSite.ServiceDefaults\JackSite.ServiceDefaults.csproj", "{EBEC18EE-C00B-4E02-A040-4954ED7C4B8C}"
EndProject
Project("{2150E333-8FDC-42A3-9474-1A3956D46DE8}") = "services", "services", "{D8AEA1A4-4EC5-46CF-A551-78E0C24F11D2}"
EndProject
Project("{2150E333-8FDC-42A3-9474-1A3956D46DE8}") = "identity", "identity", "{F6022417-3D38-4B33-B7F3-6E5B17877CB7}"
EndProject
Project("{FAE04EC0-301F-11D3-BF4B-00C04F79EFBC}") = "JackSite.Identity.Host", "services\identity\JackSite.Identity.Host\JackSite.Identity.Host.csproj", "{54D01887-DF66-4269-A4BF-D969D873BB79}"
EndProject
Project("{2150E333-8FDC-42A3-9474-1A3956D46DE8}") = "blogs", "blogs", "{44E8E322-8E1A-4D5E-AE0B-4DE458F72032}"
EndProject
Project("{2150E333-8FDC-42A3-9474-1A3956D46DE8}") = "tools", "tools", "{4DDC7D08-20D2-45B3-894C-986E80308188}"
EndProject
Project("{FAE04EC0-301F-11D3-BF4B-00C04F79EFBC}") = "JackSite.Tools.WebAPI", "services\tools\JackSite.Tools.WebAPI\JackSite.Tools.WebAPI.csproj", "{BFCDE821-E2BC-449B-AB40-D59476295329}"
EndProject
Project("{FAE04EC0-301F-11D3-BF4B-00C04F79EFBC}") = "JaclSite.Blog.WebAPI", "services\blogs\JaclSite.Blog.WebAPI\JaclSite.Blog.WebAPI.csproj", "{9D6B3360-B153-4651-A247-D020FD510C49}"
EndProject
Project("{2150E333-8FDC-42A3-9474-1A3956D46DE8}") = "shareds", "shareds", "{514FE347-F262-4C2E-933D-FF1092B60C4B}"
EndProject
Project("{2150E333-8FDC-42A3-9474-1A3956D46DE8}") = "gateways", "gateways", "{4BE782AF-8609-44CD-9681-6D65925F8194}"
EndProject
Project("{FAE04EC0-301F-11D3-BF4B-00C04F79EFBC}") = "Jacksite.API.Gateway", "gateways\Jacksite.API.Gateway\Jacksite.API.Gateway.csproj", "{436971B5-D32D-4AA0-AF19-87BCC82334ED}"
EndProject
Project("{2150E333-8FDC-42A3-9474-1A3956D46DE8}") = "users", "users", "{6085640A-11BB-4BC6-87F8-CCB9CA06AFED}"
EndProject
Project("{FAE04EC0-301F-11D3-BF4B-00C04F79EFBC}") = "JackSite.User.WebAPI", "services\users\JackSite.User.WebAPI\JackSite.User.WebAPI.csproj", "{A1D3EA76-065E-4B22-A065-3A0CF25A930C}"
EndProject
Project("{FAE04EC0-301F-11D3-BF4B-00C04F79EFBC}") = "JackSite.Shared.EntityFrameworkCore", "shareds\JackSite.Shared.EntityFrameworkCore\JackSite.Shared.EntityFrameworkCore.csproj", "{61585BA8-4FCB-4EF6-B364-E212A83971B9}"
EndProject
Project("{FAE04EC0-301F-11D3-BF4B-00C04F79EFBC}") = "JackSite.Shared.MongoDB", "shareds\JackSite.Shared.MongoDB\JackSite.Shared.MongoDB.csproj", "{39B6BF84-3C4C-4F36-8F42-511024E92FBB}"
EndProject
Project("{FAE04EC0-301F-11D3-BF4B-00C04F79EFBC}") = "JackSite.Shared.CQRS", "shareds\JackSite.Shared.CQRS\JackSite.Shared.CQRS.csproj", "{5C8D2236-FA4E-4D36-9A8D-196BD4E52F74}"
EndProject
Project("{FAE04EC0-301F-11D3-BF4B-00C04F79EFBC}") = "JackSite.Shared.Messaging", "shareds\JackSite.Shared.Messaging\JackSite.Shared.Messaging.csproj", "{2D163066-2813-4A75-B1DF-5AF7BF7980E8}"
EndProject
Project("{FAE04EC0-301F-11D3-BF4B-00C04F79EFBC}") = "JackSite.Shared.Caching", "shareds\JackSite.Shared.Caching\JackSite.Shared.Caching.csproj", "{733CA077-8F10-47F0-89BC-57AD3554ED94}"
EndProject
Project("{FAE04EC0-301F-11D3-BF4B-00C04F79EFBC}") = "JackSite.Shared.Logging", "shareds\JackSite.Shared.Logging\JackSite.Shared.Logging.csproj", "{9A04C6E1-6BE3-4EDD-95E5-3200E66234CB}"
EndProject
Project("{FAE04EC0-301F-11D3-BF4B-00C04F79EFBC}") = "JackSite.Shared.Http", "shareds\JackSite.Shared.Http\JackSite.Shared.Http.csproj", "{26EF4643-795D-4504-B368-B4224273B951}"
EndProject
Project("{FAE04EC0-301F-11D3-BF4B-00C04F79EFBC}") = "JackSite.Shared.Core", "JackSite.Shared.Core\JackSite.Shared.Core.csproj", "{84A4F550-94AE-4E00-B734-1E5B196D6088}"
EndProject
Global
	GlobalSection(SolutionConfigurationPlatforms) = preSolution
		Debug|Any CPU = Debug|Any CPU
		Release|Any CPU = Release|Any CPU
	EndGlobalSection
	GlobalSection(NestedProjects) = preSolution
		{E8247D16-9F04-4485-A0D9-46A0BA8337C1} = {A74999E5-83E0-47A2-BE57-2394B23E6CB3}
		{EBEC18EE-C00B-4E02-A040-4954ED7C4B8C} = {A74999E5-83E0-47A2-BE57-2394B23E6CB3}
		{F6022417-3D38-4B33-B7F3-6E5B17877CB7} = {D8AEA1A4-4EC5-46CF-A551-78E0C24F11D2}
		{54D01887-DF66-4269-A4BF-D969D873BB79} = {F6022417-3D38-4B33-B7F3-6E5B17877CB7}
		{44E8E322-8E1A-4D5E-AE0B-4DE458F72032} = {D8AEA1A4-4EC5-46CF-A551-78E0C24F11D2}
		{4DDC7D08-20D2-45B3-894C-986E80308188} = {D8AEA1A4-4EC5-46CF-A551-78E0C24F11D2}
		{BFCDE821-E2BC-449B-AB40-D59476295329} = {4DDC7D08-20D2-45B3-894C-986E80308188}
		{9D6B3360-B153-4651-A247-D020FD510C49} = {44E8E322-8E1A-4D5E-AE0B-4DE458F72032}
		{436971B5-D32D-4AA0-AF19-87BCC82334ED} = {4BE782AF-8609-44CD-9681-6D65925F8194}
		{6085640A-11BB-4BC6-87F8-CCB9CA06AFED} = {D8AEA1A4-4EC5-46CF-A551-78E0C24F11D2}
		{A1D3EA76-065E-4B22-A065-3A0CF25A930C} = {6085640A-11BB-4BC6-87F8-CCB9CA06AFED}
		{61585BA8-4FCB-4EF6-B364-E212A83971B9} = {514FE347-F262-4C2E-933D-FF1092B60C4B}
		{39B6BF84-3C4C-4F36-8F42-511024E92FBB} = {514FE347-F262-4C2E-933D-FF1092B60C4B}
		{5C8D2236-FA4E-4D36-9A8D-196BD4E52F74} = {514FE347-F262-4C2E-933D-FF1092B60C4B}
		{2D163066-2813-4A75-B1DF-5AF7BF7980E8} = {514FE347-F262-4C2E-933D-FF1092B60C4B}
		{733CA077-8F10-47F0-89BC-57AD3554ED94} = {514FE347-F262-4C2E-933D-FF1092B60C4B}
		{9A04C6E1-6BE3-4EDD-95E5-3200E66234CB} = {514FE347-F262-4C2E-933D-FF1092B60C4B}
		{26EF4643-795D-4504-B368-B4224273B951} = {514FE347-F262-4C2E-933D-FF1092B60C4B}
		{84A4F550-94AE-4E00-B734-1E5B196D6088} = {514FE347-F262-4C2E-933D-FF1092B60C4B}
	EndGlobalSection
	GlobalSection(ProjectConfigurationPlatforms) = postSolution
		{E8247D16-9F04-4485-A0D9-46A0BA8337C1}.Debug|Any CPU.ActiveCfg = Debug|Any CPU
		{E8247D16-9F04-4485-A0D9-46A0BA8337C1}.Debug|Any CPU.Build.0 = Debug|Any CPU
		{E8247D16-9F04-4485-A0D9-46A0BA8337C1}.Release|Any CPU.ActiveCfg = Release|Any CPU
		{E8247D16-9F04-4485-A0D9-46A0BA8337C1}.Release|Any CPU.Build.0 = Release|Any CPU
		{EBEC18EE-C00B-4E02-A040-4954ED7C4B8C}.Debug|Any CPU.ActiveCfg = Debug|Any CPU
		{EBEC18EE-C00B-4E02-A040-4954ED7C4B8C}.Debug|Any CPU.Build.0 = Debug|Any CPU
		{EBEC18EE-C00B-4E02-A040-4954ED7C4B8C}.Release|Any CPU.ActiveCfg = Release|Any CPU
		{EBEC18EE-C00B-4E02-A040-4954ED7C4B8C}.Release|Any CPU.Build.0 = Release|Any CPU
		{54D01887-DF66-4269-A4BF-D969D873BB79}.Debug|Any CPU.ActiveCfg = Debug|Any CPU
		{54D01887-DF66-4269-A4BF-D969D873BB79}.Debug|Any CPU.Build.0 = Debug|Any CPU
		{54D01887-DF66-4269-A4BF-D969D873BB79}.Release|Any CPU.ActiveCfg = Release|Any CPU
		{54D01887-DF66-4269-A4BF-D969D873BB79}.Release|Any CPU.Build.0 = Release|Any CPU
		{BFCDE821-E2BC-449B-AB40-D59476295329}.Debug|Any CPU.ActiveCfg = Debug|Any CPU
		{BFCDE821-E2BC-449B-AB40-D59476295329}.Debug|Any CPU.Build.0 = Debug|Any CPU
		{BFCDE821-E2BC-449B-AB40-D59476295329}.Release|Any CPU.ActiveCfg = Release|Any CPU
		{BFCDE821-E2BC-449B-AB40-D59476295329}.Release|Any CPU.Build.0 = Release|Any CPU
		{9D6B3360-B153-4651-A247-D020FD510C49}.Debug|Any CPU.ActiveCfg = Debug|Any CPU
		{9D6B3360-B153-4651-A247-D020FD510C49}.Debug|Any CPU.Build.0 = Debug|Any CPU
		{9D6B3360-B153-4651-A247-D020FD510C49}.Release|Any CPU.ActiveCfg = Release|Any CPU
		{9D6B3360-B153-4651-A247-D020FD510C49}.Release|Any CPU.Build.0 = Release|Any CPU
		{436971B5-D32D-4AA0-AF19-87BCC82334ED}.Debug|Any CPU.ActiveCfg = Debug|Any CPU
		{436971B5-D32D-4AA0-AF19-87BCC82334ED}.Debug|Any CPU.Build.0 = Debug|Any CPU
		{436971B5-D32D-4AA0-AF19-87BCC82334ED}.Release|Any CPU.ActiveCfg = Release|Any CPU
		{436971B5-D32D-4AA0-AF19-87BCC82334ED}.Release|Any CPU.Build.0 = Release|Any CPU
		{A1D3EA76-065E-4B22-A065-3A0CF25A930C}.Debug|Any CPU.ActiveCfg = Debug|Any CPU
		{A1D3EA76-065E-4B22-A065-3A0CF25A930C}.Debug|Any CPU.Build.0 = Debug|Any CPU
		{A1D3EA76-065E-4B22-A065-3A0CF25A930C}.Release|Any CPU.ActiveCfg = Release|Any CPU
		{A1D3EA76-065E-4B22-A065-3A0CF25A930C}.Release|Any CPU.Build.0 = Release|Any CPU
		{61585BA8-4FCB-4EF6-B364-E212A83971B9}.Debug|Any CPU.ActiveCfg = Debug|Any CPU
		{61585BA8-4FCB-4EF6-B364-E212A83971B9}.Debug|Any CPU.Build.0 = Debug|Any CPU
		{61585BA8-4FCB-4EF6-B364-E212A83971B9}.Release|Any CPU.ActiveCfg = Release|Any CPU
		{61585BA8-4FCB-4EF6-B364-E212A83971B9}.Release|Any CPU.Build.0 = Release|Any CPU
		{39B6BF84-3C4C-4F36-8F42-511024E92FBB}.Debug|Any CPU.ActiveCfg = Debug|Any CPU
		{39B6BF84-3C4C-4F36-8F42-511024E92FBB}.Debug|Any CPU.Build.0 = Debug|Any CPU
		{39B6BF84-3C4C-4F36-8F42-511024E92FBB}.Release|Any CPU.ActiveCfg = Release|Any CPU
		{39B6BF84-3C4C-4F36-8F42-511024E92FBB}.Release|Any CPU.Build.0 = Release|Any CPU
		{5C8D2236-FA4E-4D36-9A8D-196BD4E52F74}.Debug|Any CPU.ActiveCfg = Debug|Any CPU
		{5C8D2236-FA4E-4D36-9A8D-196BD4E52F74}.Debug|Any CPU.Build.0 = Debug|Any CPU
		{5C8D2236-FA4E-4D36-9A8D-196BD4E52F74}.Release|Any CPU.ActiveCfg = Release|Any CPU
		{5C8D2236-FA4E-4D36-9A8D-196BD4E52F74}.Release|Any CPU.Build.0 = Release|Any CPU
		{2D163066-2813-4A75-B1DF-5AF7BF7980E8}.Debug|Any CPU.ActiveCfg = Debug|Any CPU
		{2D163066-2813-4A75-B1DF-5AF7BF7980E8}.Debug|Any CPU.Build.0 = Debug|Any CPU
		{2D163066-2813-4A75-B1DF-5AF7BF7980E8}.Release|Any CPU.ActiveCfg = Release|Any CPU
		{2D163066-2813-4A75-B1DF-5AF7BF7980E8}.Release|Any CPU.Build.0 = Release|Any CPU
		{733CA077-8F10-47F0-89BC-57AD3554ED94}.Debug|Any CPU.ActiveCfg = Debug|Any CPU
		{733CA077-8F10-47F0-89BC-57AD3554ED94}.Debug|Any CPU.Build.0 = Debug|Any CPU
		{733CA077-8F10-47F0-89BC-57AD3554ED94}.Release|Any CPU.ActiveCfg = Release|Any CPU
		{733CA077-8F10-47F0-89BC-57AD3554ED94}.Release|Any CPU.Build.0 = Release|Any CPU
		{9A04C6E1-6BE3-4EDD-95E5-3200E66234CB}.Debug|Any CPU.ActiveCfg = Debug|Any CPU
		{9A04C6E1-6BE3-4EDD-95E5-3200E66234CB}.Debug|Any CPU.Build.0 = Debug|Any CPU
		{9A04C6E1-6BE3-4EDD-95E5-3200E66234CB}.Release|Any CPU.ActiveCfg = Release|Any CPU
		{9A04C6E1-6BE3-4EDD-95E5-3200E66234CB}.Release|Any CPU.Build.0 = Release|Any CPU
		{26EF4643-795D-4504-B368-B4224273B951}.Debug|Any CPU.ActiveCfg = Debug|Any CPU
		{26EF4643-795D-4504-B368-B4224273B951}.Debug|Any CPU.Build.0 = Debug|Any CPU
		{26EF4643-795D-4504-B368-B4224273B951}.Release|Any CPU.ActiveCfg = Release|Any CPU
		{26EF4643-795D-4504-B368-B4224273B951}.Release|Any CPU.Build.0 = Release|Any CPU
		{84A4F550-94AE-4E00-B734-1E5B196D6088}.Debug|Any CPU.ActiveCfg = Debug|Any CPU
		{84A4F550-94AE-4E00-B734-1E5B196D6088}.Debug|Any CPU.Build.0 = Debug|Any CPU
		{84A4F550-94AE-4E00-B734-1E5B196D6088}.Release|Any CPU.ActiveCfg = Release|Any CPU
		{84A4F550-94AE-4E00-B734-1E5B196D6088}.Release|Any CPU.Build.0 = Release|Any CPU
	EndGlobalSection
EndGlobal
