
Microsoft Visual Studio Solution File, Format Version 12.00
Project("{2150E333-8FDC-42A3-9474-1A3956D46DE8}") = "src", "src", "{9E4DE14F-717A-42D4-A1AE-C8E43BB42AB9}"
EndProject
Project("{2150E333-8FDC-42A3-9474-1A3956D46DE8}") = "test", "test", "{7601998D-33D2-4BC0-B938-C58016E67BE3}"
EndProject
Project("{FAE04EC0-301F-11D3-BF4B-00C04F79EFBC}") = "JackSite.Domain.Shared", "src\JackSite.Domain.Shared\JackSite.Domain.Shared.csproj", "{941CC48E-2B1A-4652-9787-A2B0DBD79B04}"
EndProject
Project("{2150E333-8FDC-42A3-9474-1A3956D46DE8}") = "Solution Items", "Solution Items", "{E8C3F8FD-BD7E-4B2A-B7F4-E89956235C6F}"
	ProjectSection(SolutionItems) = preProject
		compose.yaml = compose.yaml
	EndProjectSection
EndProject
Project("{FAE04EC0-301F-11D3-BF4B-00C04F79EFBC}") = "JackSite.Http", "src\JackSite.Http\JackSite.Http.csproj", "{BC56ECC6-21F8-4E24-B368-3E149B997BC5}"
EndProject
Project("{FAE04EC0-301F-11D3-BF4B-00C04F79EFBC}") = "JackSite.Application.Tests", "test\JackSite.Application.Tests\JackSite.Application.Tests.csproj", "{F9A15A5A-425B-4DF9-BD91-27DA8939E55E}"
EndProject
Project("{FAE04EC0-301F-11D3-BF4B-00C04F79EFBC}") = "JackSite.Domain.Tests", "test\JackSite.Domain.Tests\JackSite.Domain.Tests.csproj", "{F44B7663-5853-4577-A670-B3E557627591}"
EndProject
Project("{FAE04EC0-301F-11D3-BF4B-00C04F79EFBC}") = "JackSite.EntityFrameworkCore.Tests", "test\JackSite.EntityFrameworkCore.Tests\JackSite.EntityFrameworkCore.Tests.csproj", "{BA9ACFF6-FE1C-434B-8575-90393A1EA8B0}"
EndProject
Project("{FAE04EC0-301F-11D3-BF4B-00C04F79EFBC}") = "JackSite.TestBase", "test\JackSite.TestBase\JackSite.TestBase.csproj", "{CB722D2E-FD44-448A-B6C9-458D424620A9}"
EndProject
Project("{FAE04EC0-301F-11D3-BF4B-00C04F79EFBC}") = "JackSite.Application", "src\JackSite.Application\JackSite.Application.csproj", "{FFED9C63-06DA-43DC-B504-D4C1CF4D7A3A}"
EndProject
Project("{FAE04EC0-301F-11D3-BF4B-00C04F79EFBC}") = "JackSite.Application.Contracts", "src\JackSite.Application.Contracts\JackSite.Application.Contracts.csproj", "{1E18ED86-C17B-4ABF-BBAA-29279303FEE9}"
EndProject
Project("{FAE04EC0-301F-11D3-BF4B-00C04F79EFBC}") = "JackSite.EntityFrameworkCore", "src\JackSite.EntityFrameworkCore\JackSite.EntityFrameworkCore.csproj", "{3165F2E5-0A63-4185-8605-375D2C34873C}"
EndProject
Project("{FAE04EC0-301F-11D3-BF4B-00C04F79EFBC}") = "JackSite.Domain", "src\JackSite.Domain\JackSite.Domain.csproj", "{0AF700CD-C810-4054-B288-409648370A05}"
EndProject
Global
	GlobalSection(SolutionConfigurationPlatforms) = preSolution
		Debug|Any CPU = Debug|Any CPU
		Release|Any CPU = Release|Any CPU
	EndGlobalSection
	GlobalSection(NestedProjects) = preSolution
		{941CC48E-2B1A-4652-9787-A2B0DBD79B04} = {9E4DE14F-717A-42D4-A1AE-C8E43BB42AB9}
		{BC56ECC6-21F8-4E24-B368-3E149B997BC5} = {9E4DE14F-717A-42D4-A1AE-C8E43BB42AB9}
		{F9A15A5A-425B-4DF9-BD91-27DA8939E55E} = {7601998D-33D2-4BC0-B938-C58016E67BE3}
		{F44B7663-5853-4577-A670-B3E557627591} = {7601998D-33D2-4BC0-B938-C58016E67BE3}
		{BA9ACFF6-FE1C-434B-8575-90393A1EA8B0} = {7601998D-33D2-4BC0-B938-C58016E67BE3}
		{CB722D2E-FD44-448A-B6C9-458D424620A9} = {7601998D-33D2-4BC0-B938-C58016E67BE3}
		{FFED9C63-06DA-43DC-B504-D4C1CF4D7A3A} = {9E4DE14F-717A-42D4-A1AE-C8E43BB42AB9}
		{1E18ED86-C17B-4ABF-BBAA-29279303FEE9} = {9E4DE14F-717A-42D4-A1AE-C8E43BB42AB9}
		{3165F2E5-0A63-4185-8605-375D2C34873C} = {9E4DE14F-717A-42D4-A1AE-C8E43BB42AB9}
		{0AF700CD-C810-4054-B288-409648370A05} = {9E4DE14F-717A-42D4-A1AE-C8E43BB42AB9}
	EndGlobalSection
	GlobalSection(ProjectConfigurationPlatforms) = postSolution
		{941CC48E-2B1A-4652-9787-A2B0DBD79B04}.Debug|Any CPU.ActiveCfg = Debug|Any CPU
		{941CC48E-2B1A-4652-9787-A2B0DBD79B04}.Debug|Any CPU.Build.0 = Debug|Any CPU
		{941CC48E-2B1A-4652-9787-A2B0DBD79B04}.Release|Any CPU.ActiveCfg = Release|Any CPU
		{941CC48E-2B1A-4652-9787-A2B0DBD79B04}.Release|Any CPU.Build.0 = Release|Any CPU
		{BC56ECC6-21F8-4E24-B368-3E149B997BC5}.Debug|Any CPU.ActiveCfg = Debug|Any CPU
		{BC56ECC6-21F8-4E24-B368-3E149B997BC5}.Debug|Any CPU.Build.0 = Debug|Any CPU
		{BC56ECC6-21F8-4E24-B368-3E149B997BC5}.Release|Any CPU.ActiveCfg = Release|Any CPU
		{BC56ECC6-21F8-4E24-B368-3E149B997BC5}.Release|Any CPU.Build.0 = Release|Any CPU
		{F9A15A5A-425B-4DF9-BD91-27DA8939E55E}.Debug|Any CPU.ActiveCfg = Debug|Any CPU
		{F9A15A5A-425B-4DF9-BD91-27DA8939E55E}.Debug|Any CPU.Build.0 = Debug|Any CPU
		{F9A15A5A-425B-4DF9-BD91-27DA8939E55E}.Release|Any CPU.ActiveCfg = Release|Any CPU
		{F9A15A5A-425B-4DF9-BD91-27DA8939E55E}.Release|Any CPU.Build.0 = Release|Any CPU
		{F44B7663-5853-4577-A670-B3E557627591}.Debug|Any CPU.ActiveCfg = Debug|Any CPU
		{F44B7663-5853-4577-A670-B3E557627591}.Debug|Any CPU.Build.0 = Debug|Any CPU
		{F44B7663-5853-4577-A670-B3E557627591}.Release|Any CPU.ActiveCfg = Release|Any CPU
		{F44B7663-5853-4577-A670-B3E557627591}.Release|Any CPU.Build.0 = Release|Any CPU
		{BA9ACFF6-FE1C-434B-8575-90393A1EA8B0}.Debug|Any CPU.ActiveCfg = Debug|Any CPU
		{BA9ACFF6-FE1C-434B-8575-90393A1EA8B0}.Debug|Any CPU.Build.0 = Debug|Any CPU
		{BA9ACFF6-FE1C-434B-8575-90393A1EA8B0}.Release|Any CPU.ActiveCfg = Release|Any CPU
		{BA9ACFF6-FE1C-434B-8575-90393A1EA8B0}.Release|Any CPU.Build.0 = Release|Any CPU
		{CB722D2E-FD44-448A-B6C9-458D424620A9}.Debug|Any CPU.ActiveCfg = Debug|Any CPU
		{CB722D2E-FD44-448A-B6C9-458D424620A9}.Debug|Any CPU.Build.0 = Debug|Any CPU
		{CB722D2E-FD44-448A-B6C9-458D424620A9}.Release|Any CPU.ActiveCfg = Release|Any CPU
		{CB722D2E-FD44-448A-B6C9-458D424620A9}.Release|Any CPU.Build.0 = Release|Any CPU
		{FFED9C63-06DA-43DC-B504-D4C1CF4D7A3A}.Debug|Any CPU.ActiveCfg = Debug|Any CPU
		{FFED9C63-06DA-43DC-B504-D4C1CF4D7A3A}.Debug|Any CPU.Build.0 = Debug|Any CPU
		{FFED9C63-06DA-43DC-B504-D4C1CF4D7A3A}.Release|Any CPU.ActiveCfg = Release|Any CPU
		{FFED9C63-06DA-43DC-B504-D4C1CF4D7A3A}.Release|Any CPU.Build.0 = Release|Any CPU
		{1E18ED86-C17B-4ABF-BBAA-29279303FEE9}.Debug|Any CPU.ActiveCfg = Debug|Any CPU
		{1E18ED86-C17B-4ABF-BBAA-29279303FEE9}.Debug|Any CPU.Build.0 = Debug|Any CPU
		{1E18ED86-C17B-4ABF-BBAA-29279303FEE9}.Release|Any CPU.ActiveCfg = Release|Any CPU
		{1E18ED86-C17B-4ABF-BBAA-29279303FEE9}.Release|Any CPU.Build.0 = Release|Any CPU
		{3165F2E5-0A63-4185-8605-375D2C34873C}.Debug|Any CPU.ActiveCfg = Debug|Any CPU
		{3165F2E5-0A63-4185-8605-375D2C34873C}.Debug|Any CPU.Build.0 = Debug|Any CPU
		{3165F2E5-0A63-4185-8605-375D2C34873C}.Release|Any CPU.ActiveCfg = Release|Any CPU
		{3165F2E5-0A63-4185-8605-375D2C34873C}.Release|Any CPU.Build.0 = Release|Any CPU
		{0AF700CD-C810-4054-B288-409648370A05}.Debug|Any CPU.ActiveCfg = Debug|Any CPU
		{0AF700CD-C810-4054-B288-409648370A05}.Debug|Any CPU.Build.0 = Debug|Any CPU
		{0AF700CD-C810-4054-B288-409648370A05}.Release|Any CPU.ActiveCfg = Release|Any CPU
		{0AF700CD-C810-4054-B288-409648370A05}.Release|Any CPU.Build.0 = Release|Any CPU
	EndGlobalSection
EndGlobal
