
Microsoft Visual Studio Solution File, Format Version 12.00
Project("{2150E333-8FDC-42A3-9474-1A3956D46DE8}") = "Solution Items", "Solution Items", "{2F9F716B-BF60-4A47-A976-49944044FE2E}"
	ProjectSection(SolutionItems) = preProject
		compose.yaml = compose.yaml
	EndProjectSection
EndProject
Project("{FAE04EC0-301F-11D3-BF4B-00C04F79EFBC}") = "JackSite.Domain", "JackSite.Domain\JackSite.Domain.csproj", "{66AEA268-8EB2-4289-AB47-5E1460C7B25F}"
EndProject
Project("{FAE04EC0-301F-11D3-BF4B-00C04F79EFBC}") = "JackSite.Application", "JackSite.Application\JackSite.Application.csproj", "{E004669F-33F4-4E1E-819B-D502B3C0E671}"
EndProject
Project("{FAE04EC0-301F-11D3-BF4B-00C04F79EFBC}") = "JackSite.Infrastructure", "JackSite.Infrastructure\JackSite.Infrastructure.csproj", "{D0F56A25-4BF2-4D6E-BCD3-7518C48F54D6}"
EndProject
Project("{FAE04EC0-301F-11D3-BF4B-00C04F79EFBC}") = "JackSite.AppHost", "JackSite.AppHost\JackSite.AppHost.csproj", "{9D987AB5-95C3-43FD-ADBE-62CC43C65CB1}"
EndProject
Project("{FAE04EC0-301F-11D3-BF4B-00C04F79EFBC}") = "JackSite.ServiceDefaults", "JackSite.ServiceDefaults\JackSite.ServiceDefaults.csproj", "{79542678-23FA-4A99-8545-C778B17062B4}"
EndProject
Project("{FAE04EC0-301F-11D3-BF4B-00C04F79EFBC}") = "JackSite.Http", "JackSite.Http\JackSite.Http.csproj", "{09D482A1-B508-4FC0-921D-538894570E66}"
EndProject
Project("{FAE04EC0-301F-11D3-BF4B-00C04F79EFBC}") = "JackSite.Shared", "JackSite.Shared\JackSite.Shared.csproj", "{C828DA17-2E98-465A-A212-DFDE7630E448}"
EndProject
Global
	GlobalSection(SolutionConfigurationPlatforms) = preSolution
		Debug|Any CPU = Debug|Any CPU
		Debug|x64 = Debug|x64
		Debug|x86 = Debug|x86
		Release|Any CPU = Release|Any CPU
		Release|x64 = Release|x64
		Release|x86 = Release|x86
	EndGlobalSection
	GlobalSection(ProjectConfigurationPlatforms) = postSolution
		{66AEA268-8EB2-4289-AB47-5E1460C7B25F}.Debug|Any CPU.ActiveCfg = Debug|Any CPU
		{66AEA268-8EB2-4289-AB47-5E1460C7B25F}.Debug|Any CPU.Build.0 = Debug|Any CPU
		{66AEA268-8EB2-4289-AB47-5E1460C7B25F}.Debug|x64.ActiveCfg = Debug|Any CPU
		{66AEA268-8EB2-4289-AB47-5E1460C7B25F}.Debug|x64.Build.0 = Debug|Any CPU
		{66AEA268-8EB2-4289-AB47-5E1460C7B25F}.Debug|x86.ActiveCfg = Debug|Any CPU
		{66AEA268-8EB2-4289-AB47-5E1460C7B25F}.Debug|x86.Build.0 = Debug|Any CPU
		{66AEA268-8EB2-4289-AB47-5E1460C7B25F}.Release|Any CPU.ActiveCfg = Release|Any CPU
		{66AEA268-8EB2-4289-AB47-5E1460C7B25F}.Release|Any CPU.Build.0 = Release|Any CPU
		{66AEA268-8EB2-4289-AB47-5E1460C7B25F}.Release|x64.ActiveCfg = Release|Any CPU
		{66AEA268-8EB2-4289-AB47-5E1460C7B25F}.Release|x64.Build.0 = Release|Any CPU
		{66AEA268-8EB2-4289-AB47-5E1460C7B25F}.Release|x86.ActiveCfg = Release|Any CPU
		{66AEA268-8EB2-4289-AB47-5E1460C7B25F}.Release|x86.Build.0 = Release|Any CPU
		{E004669F-33F4-4E1E-819B-D502B3C0E671}.Debug|Any CPU.ActiveCfg = Debug|Any CPU
		{E004669F-33F4-4E1E-819B-D502B3C0E671}.Debug|Any CPU.Build.0 = Debug|Any CPU
		{E004669F-33F4-4E1E-819B-D502B3C0E671}.Debug|x64.ActiveCfg = Debug|Any CPU
		{E004669F-33F4-4E1E-819B-D502B3C0E671}.Debug|x64.Build.0 = Debug|Any CPU
		{E004669F-33F4-4E1E-819B-D502B3C0E671}.Debug|x86.ActiveCfg = Debug|Any CPU
		{E004669F-33F4-4E1E-819B-D502B3C0E671}.Debug|x86.Build.0 = Debug|Any CPU
		{E004669F-33F4-4E1E-819B-D502B3C0E671}.Release|Any CPU.ActiveCfg = Release|Any CPU
		{E004669F-33F4-4E1E-819B-D502B3C0E671}.Release|Any CPU.Build.0 = Release|Any CPU
		{E004669F-33F4-4E1E-819B-D502B3C0E671}.Release|x64.ActiveCfg = Release|Any CPU
		{E004669F-33F4-4E1E-819B-D502B3C0E671}.Release|x64.Build.0 = Release|Any CPU
		{E004669F-33F4-4E1E-819B-D502B3C0E671}.Release|x86.ActiveCfg = Release|Any CPU
		{E004669F-33F4-4E1E-819B-D502B3C0E671}.Release|x86.Build.0 = Release|Any CPU
		{D0F56A25-4BF2-4D6E-BCD3-7518C48F54D6}.Debug|Any CPU.ActiveCfg = Debug|Any CPU
		{D0F56A25-4BF2-4D6E-BCD3-7518C48F54D6}.Debug|Any CPU.Build.0 = Debug|Any CPU
		{D0F56A25-4BF2-4D6E-BCD3-7518C48F54D6}.Debug|x64.ActiveCfg = Debug|Any CPU
		{D0F56A25-4BF2-4D6E-BCD3-7518C48F54D6}.Debug|x64.Build.0 = Debug|Any CPU
		{D0F56A25-4BF2-4D6E-BCD3-7518C48F54D6}.Debug|x86.ActiveCfg = Debug|Any CPU
		{D0F56A25-4BF2-4D6E-BCD3-7518C48F54D6}.Debug|x86.Build.0 = Debug|Any CPU
		{D0F56A25-4BF2-4D6E-BCD3-7518C48F54D6}.Release|Any CPU.ActiveCfg = Release|Any CPU
		{D0F56A25-4BF2-4D6E-BCD3-7518C48F54D6}.Release|Any CPU.Build.0 = Release|Any CPU
		{D0F56A25-4BF2-4D6E-BCD3-7518C48F54D6}.Release|x64.ActiveCfg = Release|Any CPU
		{D0F56A25-4BF2-4D6E-BCD3-7518C48F54D6}.Release|x64.Build.0 = Release|Any CPU
		{D0F56A25-4BF2-4D6E-BCD3-7518C48F54D6}.Release|x86.ActiveCfg = Release|Any CPU
		{D0F56A25-4BF2-4D6E-BCD3-7518C48F54D6}.Release|x86.Build.0 = Release|Any CPU
		{9D987AB5-95C3-43FD-ADBE-62CC43C65CB1}.Debug|Any CPU.ActiveCfg = Debug|Any CPU
		{9D987AB5-95C3-43FD-ADBE-62CC43C65CB1}.Debug|Any CPU.Build.0 = Debug|Any CPU
		{9D987AB5-95C3-43FD-ADBE-62CC43C65CB1}.Debug|x64.ActiveCfg = Debug|Any CPU
		{9D987AB5-95C3-43FD-ADBE-62CC43C65CB1}.Debug|x64.Build.0 = Debug|Any CPU
		{9D987AB5-95C3-43FD-ADBE-62CC43C65CB1}.Debug|x86.ActiveCfg = Debug|Any CPU
		{9D987AB5-95C3-43FD-ADBE-62CC43C65CB1}.Debug|x86.Build.0 = Debug|Any CPU
		{9D987AB5-95C3-43FD-ADBE-62CC43C65CB1}.Release|Any CPU.ActiveCfg = Release|Any CPU
		{9D987AB5-95C3-43FD-ADBE-62CC43C65CB1}.Release|Any CPU.Build.0 = Release|Any CPU
		{9D987AB5-95C3-43FD-ADBE-62CC43C65CB1}.Release|x64.ActiveCfg = Release|Any CPU
		{9D987AB5-95C3-43FD-ADBE-62CC43C65CB1}.Release|x64.Build.0 = Release|Any CPU
		{9D987AB5-95C3-43FD-ADBE-62CC43C65CB1}.Release|x86.ActiveCfg = Release|Any CPU
		{9D987AB5-95C3-43FD-ADBE-62CC43C65CB1}.Release|x86.Build.0 = Release|Any CPU
		{79542678-23FA-4A99-8545-C778B17062B4}.Debug|Any CPU.ActiveCfg = Debug|Any CPU
		{79542678-23FA-4A99-8545-C778B17062B4}.Debug|Any CPU.Build.0 = Debug|Any CPU
		{79542678-23FA-4A99-8545-C778B17062B4}.Debug|x64.ActiveCfg = Debug|Any CPU
		{79542678-23FA-4A99-8545-C778B17062B4}.Debug|x64.Build.0 = Debug|Any CPU
		{79542678-23FA-4A99-8545-C778B17062B4}.Debug|x86.ActiveCfg = Debug|Any CPU
		{79542678-23FA-4A99-8545-C778B17062B4}.Debug|x86.Build.0 = Debug|Any CPU
		{79542678-23FA-4A99-8545-C778B17062B4}.Release|Any CPU.ActiveCfg = Release|Any CPU
		{79542678-23FA-4A99-8545-C778B17062B4}.Release|Any CPU.Build.0 = Release|Any CPU
		{79542678-23FA-4A99-8545-C778B17062B4}.Release|x64.ActiveCfg = Release|Any CPU
		{79542678-23FA-4A99-8545-C778B17062B4}.Release|x64.Build.0 = Release|Any CPU
		{79542678-23FA-4A99-8545-C778B17062B4}.Release|x86.ActiveCfg = Release|Any CPU
		{79542678-23FA-4A99-8545-C778B17062B4}.Release|x86.Build.0 = Release|Any CPU
		{09D482A1-B508-4FC0-921D-538894570E66}.Debug|Any CPU.ActiveCfg = Debug|Any CPU
		{09D482A1-B508-4FC0-921D-538894570E66}.Debug|Any CPU.Build.0 = Debug|Any CPU
		{09D482A1-B508-4FC0-921D-538894570E66}.Debug|x64.ActiveCfg = Debug|Any CPU
		{09D482A1-B508-4FC0-921D-538894570E66}.Debug|x64.Build.0 = Debug|Any CPU
		{09D482A1-B508-4FC0-921D-538894570E66}.Debug|x86.ActiveCfg = Debug|Any CPU
		{09D482A1-B508-4FC0-921D-538894570E66}.Debug|x86.Build.0 = Debug|Any CPU
		{09D482A1-B508-4FC0-921D-538894570E66}.Release|Any CPU.ActiveCfg = Release|Any CPU
		{09D482A1-B508-4FC0-921D-538894570E66}.Release|Any CPU.Build.0 = Release|Any CPU
		{09D482A1-B508-4FC0-921D-538894570E66}.Release|x64.ActiveCfg = Release|Any CPU
		{09D482A1-B508-4FC0-921D-538894570E66}.Release|x64.Build.0 = Release|Any CPU
		{09D482A1-B508-4FC0-921D-538894570E66}.Release|x86.ActiveCfg = Release|Any CPU
		{09D482A1-B508-4FC0-921D-538894570E66}.Release|x86.Build.0 = Release|Any CPU
		{C828DA17-2E98-465A-A212-DFDE7630E448}.Debug|Any CPU.ActiveCfg = Debug|Any CPU
		{C828DA17-2E98-465A-A212-DFDE7630E448}.Debug|Any CPU.Build.0 = Debug|Any CPU
		{C828DA17-2E98-465A-A212-DFDE7630E448}.Debug|x64.ActiveCfg = Debug|Any CPU
		{C828DA17-2E98-465A-A212-DFDE7630E448}.Debug|x64.Build.0 = Debug|Any CPU
		{C828DA17-2E98-465A-A212-DFDE7630E448}.Debug|x86.ActiveCfg = Debug|Any CPU
		{C828DA17-2E98-465A-A212-DFDE7630E448}.Debug|x86.Build.0 = Debug|Any CPU
		{C828DA17-2E98-465A-A212-DFDE7630E448}.Release|Any CPU.ActiveCfg = Release|Any CPU
		{C828DA17-2E98-465A-A212-DFDE7630E448}.Release|Any CPU.Build.0 = Release|Any CPU
		{C828DA17-2E98-465A-A212-DFDE7630E448}.Release|x64.ActiveCfg = Release|Any CPU
		{C828DA17-2E98-465A-A212-DFDE7630E448}.Release|x64.Build.0 = Release|Any CPU
		{C828DA17-2E98-465A-A212-DFDE7630E448}.Release|x86.ActiveCfg = Release|Any CPU
		{C828DA17-2E98-465A-A212-DFDE7630E448}.Release|x86.Build.0 = Release|Any CPU
	EndGlobalSection
	GlobalSection(SolutionProperties) = preSolution
		HideSolutionNode = FALSE
	EndGlobalSection
EndGlobal
