Microsoft Visual Studio Solution File, Format Version 12.00
# Visual Studio Version 17
VisualStudioVersion = 17.13.35828.75
MinimumVisualStudioVersion = 10.0.40219.1
Project("{2150E333-8FDC-42A3-9474-1A3956D46DE8}") = "src", "src", "{02EA681E-C7D8-13C7-8484-4AC65E1B71E8}"
EndProject
Project("{2150E333-8FDC-42A3-9474-1A3956D46DE8}") = "tests", "tests", "{F6CB53F6-962D-4F5F-AE66-083E5116467E}"
EndProject
Project("{2150E333-8FDC-42A3-9474-1A3956D46DE8}") = "Services", "Services", "{19DBE722-6293-403F-B220-E6DE83EA507D}"
EndProject
Project("{2150E333-8FDC-42A3-9474-1A3956D46DE8}") = "BuildingBlocks", "BuildingBlocks", "{368F5737-BF58-45A0-BDBE-FD97C72C1BE5}"
EndProject
Project("{2150E333-8FDC-42A3-9474-1A3956D46DE8}") = "Services", "Services", "{D1501D94-D623-4E26-9464-185D8C26F28A}"
EndProject
Project("{FAE04EC0-301F-11D3-BF4B-00C04F79EFBC}") = "JackSite.Infrastructure", "src\BuildingBlocks\JackSite.Infrastructure\JackSite.Infrastructure.csproj", "{239CF27F-FB3C-471C-97EF-7AEFDAF290DF}"
EndProject
Project("{2150E333-8FDC-42A3-9474-1A3956D46DE8}") = "Identities", "Identities", "{4C4D5BA4-7E83-400A-BEE0-FBB8DD33C8F5}"
EndProject
Project("{FAE04EC0-301F-11D3-BF4B-00C04F79EFBC}") = "JackSite.IdentityServer", "src\Identities\JackSite.IdentityServer\JackSite.IdentityServer.csproj", "{F0B455B8-8039-447B-B508-685F013D0983}"
EndProject
Project("{FAE04EC0-301F-11D3-BF4B-00C04F79EFBC}") = "JackSite.Identity.Host", "src\Identities\JackSite.Identity.Host\JackSite.Identity.Host.csproj", "{5A0F8DD8-2C05-40D8-AD00-6CDF565C10AD}"
EndProject
Project("{FAE04EC0-301F-11D3-BF4B-00C04F79EFBC}") = "JackSite.UserServer", "src\Services\JackSite.UserServer\JackSite.UserServer.csproj", "{14928976-6D19-4F55-A120-204F16578C9B}"
EndProject
Project("{FAE04EC0-301F-11D3-BF4B-00C04F79EFBC}") = "JackSite.MonitorServer", "src\Services\JackSite.MonitorServer\JackSite.MonitorServer.csproj", "{FC1CAF55-88D0-4391-B1BE-F8FEF6866AA0}"
EndProject
Project("{FAE04EC0-301F-11D3-BF4B-00C04F79EFBC}") = "JackSite.WebTools.Server", "src\Services\JackSite.WebTools.Server\JackSite.WebTools.Server.csproj", "{EF79F06C-8DBF-4B49-ACA0-10180908833F}"
EndProject
Project("{FAE04EC0-301F-11D3-BF4B-00C04F79EFBC}") = "JackSite.Common", "src\BuildingBlocks\JackSite.Common\JackSite.Common.csproj", "{483ABE23-CABD-4282-F1A2-268BF768272C}"
EndProject
Project("{2150E333-8FDC-42A3-9474-1A3956D46DE8}") = "Documents", "Documents", "{86EFD6F7-70C1-4C46-A42A-30608FCF342B}"
EndProject
Project("{2150E333-8FDC-42A3-9474-1A3956D46DE8}") = "Gateways", "Gateways", "{103C7126-091F-403E-A0F4-A7D3BE5AC0FB}"
EndProject
Project("{FAE04EC0-301F-11D3-BF4B-00C04F79EFBC}") = "JackSite.YarpApi.Gateway", "src\Gateways\JackSite.YarpApi.Gateway\JackSite.YarpApi.Gateway.csproj", "{B19D5E21-B125-4FCB-A8AB-13381CC71C6E}"
EndProject
Project("{2150E333-8FDC-42A3-9474-1A3956D46DE8}") = "Solution Items", "Solution Items", "{DD9F936B-AF93-49AA-A09A-1F0A611A8C74}"
	ProjectSection(SolutionItems) = preProject
		compose.yaml = compose.yaml
	EndProjectSection
EndProject
Project("{FAE04EC0-301F-11D3-BF4B-00C04F79EFBC}") = "JackSite.Notification.Server", "src\Services\JackSite.Notification.Server\JackSite.Notification.Server.csproj", "{7A4178FD-C90A-83E8-344C-B915E7C8893A}"
EndProject
Global
	GlobalSection(SolutionConfigurationPlatforms) = preSolution
		Debug|Any CPU = Debug|Any CPU
		Release|Any CPU = Release|Any CPU
	EndGlobalSection
	GlobalSection(ProjectConfigurationPlatforms) = postSolution
		{239CF27F-FB3C-471C-97EF-7AEFDAF290DF}.Debug|Any CPU.ActiveCfg = Debug|Any CPU
		{239CF27F-FB3C-471C-97EF-7AEFDAF290DF}.Debug|Any CPU.Build.0 = Debug|Any CPU
		{239CF27F-FB3C-471C-97EF-7AEFDAF290DF}.Release|Any CPU.ActiveCfg = Release|Any CPU
		{239CF27F-FB3C-471C-97EF-7AEFDAF290DF}.Release|Any CPU.Build.0 = Release|Any CPU
		{F0B455B8-8039-447B-B508-685F013D0983}.Debug|Any CPU.ActiveCfg = Debug|Any CPU
		{F0B455B8-8039-447B-B508-685F013D0983}.Debug|Any CPU.Build.0 = Debug|Any CPU
		{F0B455B8-8039-447B-B508-685F013D0983}.Release|Any CPU.ActiveCfg = Release|Any CPU
		{F0B455B8-8039-447B-B508-685F013D0983}.Release|Any CPU.Build.0 = Release|Any CPU
		{5A0F8DD8-2C05-40D8-AD00-6CDF565C10AD}.Debug|Any CPU.ActiveCfg = Debug|Any CPU
		{5A0F8DD8-2C05-40D8-AD00-6CDF565C10AD}.Debug|Any CPU.Build.0 = Debug|Any CPU
		{5A0F8DD8-2C05-40D8-AD00-6CDF565C10AD}.Release|Any CPU.ActiveCfg = Release|Any CPU
		{5A0F8DD8-2C05-40D8-AD00-6CDF565C10AD}.Release|Any CPU.Build.0 = Release|Any CPU
		{14928976-6D19-4F55-A120-204F16578C9B}.Debug|Any CPU.ActiveCfg = Debug|Any CPU
		{14928976-6D19-4F55-A120-204F16578C9B}.Debug|Any CPU.Build.0 = Debug|Any CPU
		{14928976-6D19-4F55-A120-204F16578C9B}.Release|Any CPU.ActiveCfg = Release|Any CPU
		{14928976-6D19-4F55-A120-204F16578C9B}.Release|Any CPU.Build.0 = Release|Any CPU
		{FC1CAF55-88D0-4391-B1BE-F8FEF6866AA0}.Debug|Any CPU.ActiveCfg = Debug|Any CPU
		{FC1CAF55-88D0-4391-B1BE-F8FEF6866AA0}.Debug|Any CPU.Build.0 = Debug|Any CPU
		{FC1CAF55-88D0-4391-B1BE-F8FEF6866AA0}.Release|Any CPU.ActiveCfg = Release|Any CPU
		{FC1CAF55-88D0-4391-B1BE-F8FEF6866AA0}.Release|Any CPU.Build.0 = Release|Any CPU
		{EF79F06C-8DBF-4B49-ACA0-10180908833F}.Debug|Any CPU.ActiveCfg = Debug|Any CPU
		{EF79F06C-8DBF-4B49-ACA0-10180908833F}.Debug|Any CPU.Build.0 = Debug|Any CPU
		{EF79F06C-8DBF-4B49-ACA0-10180908833F}.Release|Any CPU.ActiveCfg = Release|Any CPU
		{EF79F06C-8DBF-4B49-ACA0-10180908833F}.Release|Any CPU.Build.0 = Release|Any CPU
		{483ABE23-CABD-4282-F1A2-268BF768272C}.Debug|Any CPU.ActiveCfg = Debug|Any CPU
		{483ABE23-CABD-4282-F1A2-268BF768272C}.Debug|Any CPU.Build.0 = Debug|Any CPU
		{483ABE23-CABD-4282-F1A2-268BF768272C}.Release|Any CPU.ActiveCfg = Release|Any CPU
		{483ABE23-CABD-4282-F1A2-268BF768272C}.Release|Any CPU.Build.0 = Release|Any CPU
		{B19D5E21-B125-4FCB-A8AB-13381CC71C6E}.Debug|Any CPU.ActiveCfg = Debug|Any CPU
		{B19D5E21-B125-4FCB-A8AB-13381CC71C6E}.Debug|Any CPU.Build.0 = Debug|Any CPU
		{B19D5E21-B125-4FCB-A8AB-13381CC71C6E}.Release|Any CPU.ActiveCfg = Release|Any CPU
		{B19D5E21-B125-4FCB-A8AB-13381CC71C6E}.Release|Any CPU.Build.0 = Release|Any CPU
		{7A4178FD-C90A-83E8-344C-B915E7C8893A}.Debug|Any CPU.ActiveCfg = Debug|Any CPU
		{7A4178FD-C90A-83E8-344C-B915E7C8893A}.Debug|Any CPU.Build.0 = Debug|Any CPU
		{7A4178FD-C90A-83E8-344C-B915E7C8893A}.Release|Any CPU.ActiveCfg = Release|Any CPU
		{7A4178FD-C90A-83E8-344C-B915E7C8893A}.Release|Any CPU.Build.0 = Release|Any CPU
	EndGlobalSection
	GlobalSection(SolutionProperties) = preSolution
		HideSolutionNode = FALSE
	EndGlobalSection
	GlobalSection(NestedProjects) = preSolution
		{19DBE722-6293-403F-B220-E6DE83EA507D} = {02EA681E-C7D8-13C7-8484-4AC65E1B71E8}
		{368F5737-BF58-45A0-BDBE-FD97C72C1BE5} = {02EA681E-C7D8-13C7-8484-4AC65E1B71E8}
		{D1501D94-D623-4E26-9464-185D8C26F28A} = {F6CB53F6-962D-4F5F-AE66-083E5116467E}
		{239CF27F-FB3C-471C-97EF-7AEFDAF290DF} = {368F5737-BF58-45A0-BDBE-FD97C72C1BE5}
		{4C4D5BA4-7E83-400A-BEE0-FBB8DD33C8F5} = {02EA681E-C7D8-13C7-8484-4AC65E1B71E8}
		{F0B455B8-8039-447B-B508-685F013D0983} = {4C4D5BA4-7E83-400A-BEE0-FBB8DD33C8F5}
		{5A0F8DD8-2C05-40D8-AD00-6CDF565C10AD} = {4C4D5BA4-7E83-400A-BEE0-FBB8DD33C8F5}
		{14928976-6D19-4F55-A120-204F16578C9B} = {19DBE722-6293-403F-B220-E6DE83EA507D}
		{FC1CAF55-88D0-4391-B1BE-F8FEF6866AA0} = {19DBE722-6293-403F-B220-E6DE83EA507D}
		{EF79F06C-8DBF-4B49-ACA0-10180908833F} = {19DBE722-6293-403F-B220-E6DE83EA507D}
		{483ABE23-CABD-4282-F1A2-268BF768272C} = {368F5737-BF58-45A0-BDBE-FD97C72C1BE5}
		{86EFD6F7-70C1-4C46-A42A-30608FCF342B} = {02EA681E-C7D8-13C7-8484-4AC65E1B71E8}
		{103C7126-091F-403E-A0F4-A7D3BE5AC0FB} = {02EA681E-C7D8-13C7-8484-4AC65E1B71E8}
		{B19D5E21-B125-4FCB-A8AB-13381CC71C6E} = {103C7126-091F-403E-A0F4-A7D3BE5AC0FB}
		{7A4178FD-C90A-83E8-344C-B915E7C8893A} = {19DBE722-6293-403F-B220-E6DE83EA507D}
	EndGlobalSection
	GlobalSection(ExtensibilityGlobals) = postSolution
		SolutionGuid = {E6DE622D-4857-432A-BA23-1C3E56574076}
	EndGlobalSection
EndGlobal
