
Microsoft Visual Studio Solution File, Format Version 12.00
# Visual Studio Version 17
VisualStudioVersion = 17.13.35828.75 d17.13
MinimumVisualStudioVersion = 10.0.40219.1
Project("{FAE04EC0-301F-11D3-BF4B-00C04F79EFBC}") = "JackSite.Identity.Server", "JackSite.Identity.Server\JackSite.Identity.Server.csproj", "{74BC05FC-2F0A-459F-9EE4-A5F60DFDB375}"
EndProject
Project("{2150E333-8FDC-42A3-9474-1A3956D46DE8}") = "Solution Items", "Solution Items", "{87B83A59-F81C-4DAE-BD6D-9B7603810B4C}"
	ProjectSection(SolutionItems) = preProject
		compose.yaml = compose.yaml
	EndProjectSection
EndProject
Project("{FAE04EC0-301F-11D3-BF4B-00C04F79EFBC}") = "JackSite.Identity.ServiceDefaults", "JackSite.Identity.ServiceDefaults\JackSite.Identity.ServiceDefaults.csproj", "{0594BA1D-48AF-4B65-A08B-9A6F300BA1F9}"
EndProject
Project("{FAE04EC0-301F-11D3-BF4B-00C04F79EFBC}") = "JackSite.Identity.Client", "JackSite.Identity.Client\JackSite.Identity.Client.csproj", "{10C53DE8-B66A-4FB5-8442-1C6C973F78A3}"
EndProject
Project("{FAE04EC0-301F-11D3-BF4B-00C04F79EFBC}") = "JackSite.Identity.Server.AppHost", "JackSite.Identity.Server.AppHost\JackSite.Identity.Server.AppHost.csproj", "{220F657E-89C0-482E-A47B-06B28DF9E73D}"
EndProject
Global
	GlobalSection(SolutionConfigurationPlatforms) = preSolution
		Debug|Any CPU = Debug|Any CPU
		Debug|x64 = Debug|x64
		Debug|x86 = Debug|x86
		Release|Any CPU = Release|Any CPU
		Release|x64 = Release|x64
		Release|x86 = Release|x86
	EndGlobalSection
	GlobalSection(ProjectConfigurationPlatforms) = postSolution
		{74BC05FC-2F0A-459F-9EE4-A5F60DFDB375}.Debug|Any CPU.ActiveCfg = Debug|Any CPU
		{74BC05FC-2F0A-459F-9EE4-A5F60DFDB375}.Debug|Any CPU.Build.0 = Debug|Any CPU
		{74BC05FC-2F0A-459F-9EE4-A5F60DFDB375}.Debug|x64.ActiveCfg = Debug|Any CPU
		{74BC05FC-2F0A-459F-9EE4-A5F60DFDB375}.Debug|x64.Build.0 = Debug|Any CPU
		{74BC05FC-2F0A-459F-9EE4-A5F60DFDB375}.Debug|x86.ActiveCfg = Debug|Any CPU
		{74BC05FC-2F0A-459F-9EE4-A5F60DFDB375}.Debug|x86.Build.0 = Debug|Any CPU
		{74BC05FC-2F0A-459F-9EE4-A5F60DFDB375}.Release|Any CPU.ActiveCfg = Release|Any CPU
		{74BC05FC-2F0A-459F-9EE4-A5F60DFDB375}.Release|Any CPU.Build.0 = Release|Any CPU
		{74BC05FC-2F0A-459F-9EE4-A5F60DFDB375}.Release|x64.ActiveCfg = Release|Any CPU
		{74BC05FC-2F0A-459F-9EE4-A5F60DFDB375}.Release|x64.Build.0 = Release|Any CPU
		{74BC05FC-2F0A-459F-9EE4-A5F60DFDB375}.Release|x86.ActiveCfg = Release|Any CPU
		{74BC05FC-2F0A-459F-9EE4-A5F60DFDB375}.Release|x86.Build.0 = Release|Any CPU
		{0594BA1D-48AF-4B65-A08B-9A6F300BA1F9}.Debug|Any CPU.ActiveCfg = Debug|Any CPU
		{0594BA1D-48AF-4B65-A08B-9A6F300BA1F9}.Debug|Any CPU.Build.0 = Debug|Any CPU
		{0594BA1D-48AF-4B65-A08B-9A6F300BA1F9}.Debug|x64.ActiveCfg = Debug|Any CPU
		{0594BA1D-48AF-4B65-A08B-9A6F300BA1F9}.Debug|x64.Build.0 = Debug|Any CPU
		{0594BA1D-48AF-4B65-A08B-9A6F300BA1F9}.Debug|x86.ActiveCfg = Debug|Any CPU
		{0594BA1D-48AF-4B65-A08B-9A6F300BA1F9}.Debug|x86.Build.0 = Debug|Any CPU
		{0594BA1D-48AF-4B65-A08B-9A6F300BA1F9}.Release|Any CPU.ActiveCfg = Release|Any CPU
		{0594BA1D-48AF-4B65-A08B-9A6F300BA1F9}.Release|Any CPU.Build.0 = Release|Any CPU
		{0594BA1D-48AF-4B65-A08B-9A6F300BA1F9}.Release|x64.ActiveCfg = Release|Any CPU
		{0594BA1D-48AF-4B65-A08B-9A6F300BA1F9}.Release|x64.Build.0 = Release|Any CPU
		{0594BA1D-48AF-4B65-A08B-9A6F300BA1F9}.Release|x86.ActiveCfg = Release|Any CPU
		{0594BA1D-48AF-4B65-A08B-9A6F300BA1F9}.Release|x86.Build.0 = Release|Any CPU
		{10C53DE8-B66A-4FB5-8442-1C6C973F78A3}.Debug|Any CPU.ActiveCfg = Debug|Any CPU
		{10C53DE8-B66A-4FB5-8442-1C6C973F78A3}.Debug|Any CPU.Build.0 = Debug|Any CPU
		{10C53DE8-B66A-4FB5-8442-1C6C973F78A3}.Debug|x64.ActiveCfg = Debug|Any CPU
		{10C53DE8-B66A-4FB5-8442-1C6C973F78A3}.Debug|x64.Build.0 = Debug|Any CPU
		{10C53DE8-B66A-4FB5-8442-1C6C973F78A3}.Debug|x86.ActiveCfg = Debug|Any CPU
		{10C53DE8-B66A-4FB5-8442-1C6C973F78A3}.Debug|x86.Build.0 = Debug|Any CPU
		{10C53DE8-B66A-4FB5-8442-1C6C973F78A3}.Release|Any CPU.ActiveCfg = Release|Any CPU
		{10C53DE8-B66A-4FB5-8442-1C6C973F78A3}.Release|Any CPU.Build.0 = Release|Any CPU
		{10C53DE8-B66A-4FB5-8442-1C6C973F78A3}.Release|x64.ActiveCfg = Release|Any CPU
		{10C53DE8-B66A-4FB5-8442-1C6C973F78A3}.Release|x64.Build.0 = Release|Any CPU
		{10C53DE8-B66A-4FB5-8442-1C6C973F78A3}.Release|x86.ActiveCfg = Release|Any CPU
		{10C53DE8-B66A-4FB5-8442-1C6C973F78A3}.Release|x86.Build.0 = Release|Any CPU
		{220F657E-89C0-482E-A47B-06B28DF9E73D}.Debug|Any CPU.ActiveCfg = Debug|Any CPU
		{220F657E-89C0-482E-A47B-06B28DF9E73D}.Debug|Any CPU.Build.0 = Debug|Any CPU
		{220F657E-89C0-482E-A47B-06B28DF9E73D}.Debug|x64.ActiveCfg = Debug|Any CPU
		{220F657E-89C0-482E-A47B-06B28DF9E73D}.Debug|x64.Build.0 = Debug|Any CPU
		{220F657E-89C0-482E-A47B-06B28DF9E73D}.Debug|x86.ActiveCfg = Debug|Any CPU
		{220F657E-89C0-482E-A47B-06B28DF9E73D}.Debug|x86.Build.0 = Debug|Any CPU
		{220F657E-89C0-482E-A47B-06B28DF9E73D}.Release|Any CPU.ActiveCfg = Release|Any CPU
		{220F657E-89C0-482E-A47B-06B28DF9E73D}.Release|Any CPU.Build.0 = Release|Any CPU
		{220F657E-89C0-482E-A47B-06B28DF9E73D}.Release|x64.ActiveCfg = Release|Any CPU
		{220F657E-89C0-482E-A47B-06B28DF9E73D}.Release|x64.Build.0 = Release|Any CPU
		{220F657E-89C0-482E-A47B-06B28DF9E73D}.Release|x86.ActiveCfg = Release|Any CPU
		{220F657E-89C0-482E-A47B-06B28DF9E73D}.Release|x86.Build.0 = Release|Any CPU
	EndGlobalSection
	GlobalSection(SolutionProperties) = preSolution
		HideSolutionNode = FALSE
	EndGlobalSection
	GlobalSection(ExtensibilityGlobals) = postSolution
		SolutionGuid = {07AAE5B2-0821-4A87-BC99-D23ECB943143}
	EndGlobalSection
EndGlobal
