
Microsoft Visual Studio Solution File, Format Version 12.00
Project("{2150E333-8FDC-42A3-9474-1A3956D46DE8}") = "shared", "shared", "{FFE73569-33B2-4348-8ECE-737B6DA50F73}"
EndProject
Project("{2150E333-8FDC-42A3-9474-1A3956D46DE8}") = "core", "core", "{0EFA9C82-3671-46A0-A841-FC3AFA6E06F8}"
EndProject
Project("{2150E333-8FDC-42A3-9474-1A3956D46DE8}") = "Solution Items", "Solution Items", "{146F7397-0F7B-425E-A104-261832A0859B}"
	ProjectSection(SolutionItems) = preProject
		compose.yaml = compose.yaml
	EndProjectSection
EndProject
Project("{FAE04EC0-301F-11D3-BF4B-00C04F79EFBC}") = "JackSite.Authentication.AppHost", "JackSite.Authentication.AppHost\JackSite.Authentication.AppHost.csproj", "{4677A730-4E0D-4348-8085-F04D4A40322E}"
EndProject
Project("{FAE04EC0-301F-11D3-BF4B-00C04F79EFBC}") = "JackSite.Authentication.ServiceDefaults", "JackSite.Authentication.ServiceDefaults\JackSite.Authentication.ServiceDefaults.csproj", "{690E77D7-033E-43F9-80FD-AB56B49B71C0}"
EndProject
Project("{FAE04EC0-301F-11D3-BF4B-00C04F79EFBC}") = "JackSite.Authentication.Domain", "core\JackSite.Authentication.Domain\JackSite.Authentication.Domain.csproj", "{E7FA2900-24D5-4535-8C53-6786C0DDCFD8}"
EndProject
Project("{FAE04EC0-301F-11D3-BF4B-00C04F79EFBC}") = "JackSite.Authentication.Infrastructure", "core\JackSite.Authentication.Infrastructure\JackSite.Authentication.Infrastructure.csproj", "{6D2CA24B-BA2A-4333-9AAA-58074EEE678D}"
EndProject
Project("{FAE04EC0-301F-11D3-BF4B-00C04F79EFBC}") = "JackSite.Authentication.Application", "core\JackSite.Authentication.Application\JackSite.Authentication.Application.csproj", "{5B289304-CD8A-44E2-B97C-4EA6AC186524}"
EndProject
Project("{FAE04EC0-301F-11D3-BF4B-00C04F79EFBC}") = "JackSite.Shared", "..\master\server\JackSite.Shared\JackSite.Shared.csproj", "{42963D08-6951-4A94-A635-B2F39CE4631B}"
EndProject
Project("{2150E333-8FDC-42A3-9474-1A3956D46DE8}") = "ui", "ui", "{A1F0982F-9541-419D-8F0A-9AD75051B5FD}"
EndProject
Project("{FAE04EC0-301F-11D3-BF4B-00C04F79EFBC}") = "JackSite.Authentication.PermissionServer", "shared\JackSite.Authentication.PermissionServer\JackSite.Authentication.PermissionServer.csproj", "{0FE3C51C-98A4-40D4-9053-8217E8016D82}"
EndProject
Project("{FAE04EC0-301F-11D3-BF4B-00C04F79EFBC}") = "JackSite.Authentication.WebAPI", "shared\JackSite.Authentication.WebAPI\JackSite.Authentication.WebAPI.csproj", "{B80AB7BB-9901-462D-BEDA-456533CB191C}"
EndProject
Global
	GlobalSection(SolutionConfigurationPlatforms) = preSolution
		Debug|Any CPU = Debug|Any CPU
		Release|Any CPU = Release|Any CPU
	EndGlobalSection
	GlobalSection(NestedProjects) = preSolution
		{E7FA2900-24D5-4535-8C53-6786C0DDCFD8} = {0EFA9C82-3671-46A0-A841-FC3AFA6E06F8}
		{6D2CA24B-BA2A-4333-9AAA-58074EEE678D} = {0EFA9C82-3671-46A0-A841-FC3AFA6E06F8}
		{5B289304-CD8A-44E2-B97C-4EA6AC186524} = {0EFA9C82-3671-46A0-A841-FC3AFA6E06F8}
		{42963D08-6951-4A94-A635-B2F39CE4631B} = {FFE73569-33B2-4348-8ECE-737B6DA50F73}
		{0FE3C51C-98A4-40D4-9053-8217E8016D82} = {FFE73569-33B2-4348-8ECE-737B6DA50F73}
		{B80AB7BB-9901-462D-BEDA-456533CB191C} = {FFE73569-33B2-4348-8ECE-737B6DA50F73}
	EndGlobalSection
	GlobalSection(ProjectConfigurationPlatforms) = postSolution
		{4677A730-4E0D-4348-8085-F04D4A40322E}.Debug|Any CPU.ActiveCfg = Debug|Any CPU
		{4677A730-4E0D-4348-8085-F04D4A40322E}.Debug|Any CPU.Build.0 = Debug|Any CPU
		{4677A730-4E0D-4348-8085-F04D4A40322E}.Release|Any CPU.ActiveCfg = Release|Any CPU
		{4677A730-4E0D-4348-8085-F04D4A40322E}.Release|Any CPU.Build.0 = Release|Any CPU
		{690E77D7-033E-43F9-80FD-AB56B49B71C0}.Debug|Any CPU.ActiveCfg = Debug|Any CPU
		{690E77D7-033E-43F9-80FD-AB56B49B71C0}.Debug|Any CPU.Build.0 = Debug|Any CPU
		{690E77D7-033E-43F9-80FD-AB56B49B71C0}.Release|Any CPU.ActiveCfg = Release|Any CPU
		{690E77D7-033E-43F9-80FD-AB56B49B71C0}.Release|Any CPU.Build.0 = Release|Any CPU
		{E7FA2900-24D5-4535-8C53-6786C0DDCFD8}.Debug|Any CPU.ActiveCfg = Debug|Any CPU
		{E7FA2900-24D5-4535-8C53-6786C0DDCFD8}.Debug|Any CPU.Build.0 = Debug|Any CPU
		{E7FA2900-24D5-4535-8C53-6786C0DDCFD8}.Release|Any CPU.ActiveCfg = Release|Any CPU
		{E7FA2900-24D5-4535-8C53-6786C0DDCFD8}.Release|Any CPU.Build.0 = Release|Any CPU
		{6D2CA24B-BA2A-4333-9AAA-58074EEE678D}.Debug|Any CPU.ActiveCfg = Debug|Any CPU
		{6D2CA24B-BA2A-4333-9AAA-58074EEE678D}.Debug|Any CPU.Build.0 = Debug|Any CPU
		{6D2CA24B-BA2A-4333-9AAA-58074EEE678D}.Release|Any CPU.ActiveCfg = Release|Any CPU
		{6D2CA24B-BA2A-4333-9AAA-58074EEE678D}.Release|Any CPU.Build.0 = Release|Any CPU
		{5B289304-CD8A-44E2-B97C-4EA6AC186524}.Debug|Any CPU.ActiveCfg = Debug|Any CPU
		{5B289304-CD8A-44E2-B97C-4EA6AC186524}.Debug|Any CPU.Build.0 = Debug|Any CPU
		{5B289304-CD8A-44E2-B97C-4EA6AC186524}.Release|Any CPU.ActiveCfg = Release|Any CPU
		{5B289304-CD8A-44E2-B97C-4EA6AC186524}.Release|Any CPU.Build.0 = Release|Any CPU
		{42963D08-6951-4A94-A635-B2F39CE4631B}.Debug|Any CPU.ActiveCfg = Debug|Any CPU
		{42963D08-6951-4A94-A635-B2F39CE4631B}.Debug|Any CPU.Build.0 = Debug|Any CPU
		{42963D08-6951-4A94-A635-B2F39CE4631B}.Release|Any CPU.ActiveCfg = Release|Any CPU
		{42963D08-6951-4A94-A635-B2F39CE4631B}.Release|Any CPU.Build.0 = Release|Any CPU
		{0FE3C51C-98A4-40D4-9053-8217E8016D82}.Debug|Any CPU.ActiveCfg = Debug|Any CPU
		{0FE3C51C-98A4-40D4-9053-8217E8016D82}.Debug|Any CPU.Build.0 = Debug|Any CPU
		{0FE3C51C-98A4-40D4-9053-8217E8016D82}.Release|Any CPU.ActiveCfg = Release|Any CPU
		{0FE3C51C-98A4-40D4-9053-8217E8016D82}.Release|Any CPU.Build.0 = Release|Any CPU
		{B80AB7BB-9901-462D-BEDA-456533CB191C}.Debug|Any CPU.ActiveCfg = Debug|Any CPU
		{B80AB7BB-9901-462D-BEDA-456533CB191C}.Debug|Any CPU.Build.0 = Debug|Any CPU
		{B80AB7BB-9901-462D-BEDA-456533CB191C}.Release|Any CPU.ActiveCfg = Release|Any CPU
		{B80AB7BB-9901-462D-BEDA-456533CB191C}.Release|Any CPU.Build.0 = Release|Any CPU
	EndGlobalSection
EndGlobal
